
Microsoft Visual Studio Solution File, Format Version 12.00
# Visual Studio Version 17
VisualStudioVersion = 17.0.31903.59
MinimumVisualStudioVersion = 10.0.40219.1
Project("{FAE04EC0-301F-11D3-BF4B-00C04F79EFBC}") = "UserService", "UserService\UserService.csproj", "{6BF67A9F-3138-425C-858F-7176342B04F4}"
EndProject
Project("{FAE04EC0-301F-11D3-BF4B-00C04F79EFBC}") = "BorrowingService", "BorrowingService\BorrowingService.csproj", "{91EC8A13-5929-4EEA-A9CF-F84A1AFAD1AA}"
EndProject
Project("{FAE04EC0-301F-11D3-BF4B-00C04F79EFBC}") = "BookService", "BookService\BookService.csproj", "{CA8933FE-EC0A-456E-BFDC-8C183B8BF8FB}"
EndProject
Project("{FAE04EC0-301F-11D3-BF4B-00C04F79EFBC}") = "ApiGateway", "ApiGateway\ApiGateway.csproj", "{AC8518E1-05AC-4F83-898A-0665256327D1}"
EndProject
Global
	GlobalSection(SolutionConfigurationPlatforms) = preSolution
		Debug|Any CPU = Debug|Any CPU
		Release|Any CPU = Release|Any CPU
	EndGlobalSection
	GlobalSection(SolutionProperties) = preSolution
		HideSolutionNode = FALSE
	EndGlobalSection
	GlobalSection(ProjectConfigurationPlatforms) = postSolution
		{6BF67A9F-3138-425C-858F-7176342B04F4}.Debug|Any CPU.ActiveCfg = Debug|Any CPU
		{6BF67A9F-3138-425C-858F-7176342B04F4}.Debug|Any CPU.Build.0 = Debug|Any CPU
		{6BF67A9F-3138-425C-858F-7176342B04F4}.Release|Any CPU.ActiveCfg = Release|Any CPU
		{6BF67A9F-3138-425C-858F-7176342B04F4}.Release|Any CPU.Build.0 = Release|Any CPU
		{91EC8A13-5929-4EEA-A9CF-F84A1AFAD1AA}.Debug|Any CPU.ActiveCfg = Debug|Any CPU
		{91EC8A13-5929-4EEA-A9CF-F84A1AFAD1AA}.Debug|Any CPU.Build.0 = Debug|Any CPU
		{91EC8A13-5929-4EEA-A9CF-F84A1AFAD1AA}.Release|Any CPU.ActiveCfg = Release|Any CPU
		{91EC8A13-5929-4EEA-A9CF-F84A1AFAD1AA}.Release|Any CPU.Build.0 = Release|Any CPU
		{CA8933FE-EC0A-456E-BFDC-8C183B8BF8FB}.Debug|Any CPU.ActiveCfg = Debug|Any CPU
		{CA8933FE-EC0A-456E-BFDC-8C183B8BF8FB}.Debug|Any CPU.Build.0 = Debug|Any CPU
		{CA8933FE-EC0A-456E-BFDC-8C183B8BF8FB}.Release|Any CPU.ActiveCfg = Release|Any CPU
		{CA8933FE-EC0A-456E-BFDC-8C183B8BF8FB}.Release|Any CPU.Build.0 = Release|Any CPU
		{AC8518E1-05AC-4F83-898A-0665256327D1}.Debug|Any CPU.ActiveCfg = Debug|Any CPU
		{AC8518E1-05AC-4F83-898A-0665256327D1}.Debug|Any CPU.Build.0 = Debug|Any CPU
		{AC8518E1-05AC-4F83-898A-0665256327D1}.Release|Any CPU.ActiveCfg = Release|Any CPU
		{AC8518E1-05AC-4F83-898A-0665256327D1}.Release|Any CPU.Build.0 = Release|Any CPU
	EndGlobalSection
EndGlobal
